
Microsoft Visual Studio Solution File, Format Version 12.00
# Visual Studio Version 17
VisualStudioVersion = 17.4.33213.308
MinimumVisualStudioVersion = 10.0.40219.1
Project("{9A19103F-16F7-4668-BE54-9A1E7A4F7556}") = "Dynamicweb.Ecommerce.CheckoutHandlers.Adyen", "src\Dynamicweb.Ecommerce.CheckoutHandlers.Adyen.csproj", "{20F53B07-F02F-4203-8C1F-2A4326B122EC}"
EndProject
Global
	GlobalSection(SolutionConfigurationPlatforms) = preSolution
		Debug|Any CPU = Debug|Any CPU
		Release|Any CPU = Release|Any CPU
	EndGlobalSection
	GlobalSection(ProjectConfigurationPlatforms) = postSolution
		{20F53B07-F02F-4203-8C1F-2A4326B122EC}.Debug|Any CPU.ActiveCfg = Debug|Any CPU
		{20F53B07-F02F-4203-8C1F-2A4326B122EC}.Debug|Any CPU.Build.0 = Debug|Any CPU
		{20F53B07-F02F-4203-8C1F-2A4326B122EC}.Release|Any CPU.ActiveCfg = Release|Any CPU
		{20F53B07-F02F-4203-8C1F-2A4326B122EC}.Release|Any CPU.Build.0 = Release|Any CPU
	EndGlobalSection
	GlobalSection(SolutionProperties) = preSolution
		HideSolutionNode = FALSE
	EndGlobalSection
	GlobalSection(ExtensibilityGlobals) = postSolution
		SolutionGuid = {9C4AEEFA-5C20-4BE7-B6A8-7BFC87BAC166}
	EndGlobalSection
EndGlobal
